
Microsoft Visual Studio Solution File, Format Version 12.00
# Visual Studio Version 16
VisualStudioVersion = 16.0.29230.47
MinimumVisualStudioVersion = 10.0.40219.1
Project("{FAE04EC0-301F-11D3-BF4B-00C04F79EFBC}") = "Task1", "Task1\Task1.csproj", "{C2219E38-304F-4820-8F20-092C7AB5011E}"
EndProject
Project("{FAE04EC0-301F-11D3-BF4B-00C04F79EFBC}") = "Task2", "Task2\Task2.csproj", "{980EFC96-AFF1-4D7B-8600-5B799EEFDC85}"
EndProject
Project("{FAE04EC0-301F-11D3-BF4B-00C04F79EFBC}") = "Task3", "Task3\Task3.csproj", "{CCD63FFF-C034-4A10-9F74-8A73D9F33328}"
EndProject
Project("{FAE04EC0-301F-11D3-BF4B-00C04F79EFBC}") = "Task4", "Task4\Task4.csproj", "{8BEB6FC4-3F81-4763-8164-B5200CB9E33A}"
EndProject
Project("{FAE04EC0-301F-11D3-BF4B-00C04F79EFBC}") = "Task5", "Task5\Task5.csproj", "{78B04058-5DD3-4D46-8FF5-425008E17FC9}"
EndProject
Project("{FAE04EC0-301F-11D3-BF4B-00C04F79EFBC}") = "Task6", "Task6\Task6.csproj", "{AC461D9D-D644-4790-8C4E-BDA6643ADC64}"
EndProject
Project("{FAE04EC0-301F-11D3-BF4B-00C04F79EFBC}") = "Task7", "Task7\Task7.csproj", "{11BCFD37-4777-47F8-B39D-2686B36E57AA}"
EndProject
Project("{FAE04EC0-301F-11D3-BF4B-00C04F79EFBC}") = "Task8", "Task8\Task8.csproj", "{1718747B-11AE-48BD-A2EE-420CAC92B53B}"
EndProject
Project("{2150E333-8FDC-42A3-9474-1A3956D46DE8}") = "Tasks", "Tasks", "{B06D07C4-F1CD-4DBC-B3A7-229EB45DF30F}"
EndProject
Project("{2150E333-8FDC-42A3-9474-1A3956D46DE8}") = "Helpers", "Helpers", "{7A88ABAE-4344-4B33-8CCE-511266EADD16}"
EndProject
Project("{2150E333-8FDC-42A3-9474-1A3956D46DE8}") = "Other", "Other", "{3D44173B-EBD9-4473-B545-A650359BD81E}"
	ProjectSection(SolutionItems) = preProject
		Other\4.docx = Other\4.docx
	EndProjectSection
EndProject
Project("{FAE04EC0-301F-11D3-BF4B-00C04F79EFBC}") = "Module.Helper", "Helpers\Module.Helper\Module.Helper.csproj", "{48500914-2E2A-4033-A76E-610E8E8DA460}"
EndProject
Project("{FAE04EC0-301F-11D3-BF4B-00C04F79EFBC}") = "Sistim.NedoLinq", "Module.NedoLinq\Sistim.NedoLinq.csproj", "{1E413436-C5A0-43FA-9C9D-6181928CE080}"
EndProject
Global
	GlobalSection(SolutionConfigurationPlatforms) = preSolution
		Debug|Any CPU = Debug|Any CPU
		Release|Any CPU = Release|Any CPU
	EndGlobalSection
	GlobalSection(ProjectConfigurationPlatforms) = postSolution
		{C2219E38-304F-4820-8F20-092C7AB5011E}.Debug|Any CPU.ActiveCfg = Debug|Any CPU
		{C2219E38-304F-4820-8F20-092C7AB5011E}.Debug|Any CPU.Build.0 = Debug|Any CPU
		{C2219E38-304F-4820-8F20-092C7AB5011E}.Release|Any CPU.ActiveCfg = Release|Any CPU
		{C2219E38-304F-4820-8F20-092C7AB5011E}.Release|Any CPU.Build.0 = Release|Any CPU
		{980EFC96-AFF1-4D7B-8600-5B799EEFDC85}.Debug|Any CPU.ActiveCfg = Debug|Any CPU
		{980EFC96-AFF1-4D7B-8600-5B799EEFDC85}.Debug|Any CPU.Build.0 = Debug|Any CPU
		{980EFC96-AFF1-4D7B-8600-5B799EEFDC85}.Release|Any CPU.ActiveCfg = Release|Any CPU
		{980EFC96-AFF1-4D7B-8600-5B799EEFDC85}.Release|Any CPU.Build.0 = Release|Any CPU
		{CCD63FFF-C034-4A10-9F74-8A73D9F33328}.Debug|Any CPU.ActiveCfg = Debug|Any CPU
		{CCD63FFF-C034-4A10-9F74-8A73D9F33328}.Debug|Any CPU.Build.0 = Debug|Any CPU
		{CCD63FFF-C034-4A10-9F74-8A73D9F33328}.Release|Any CPU.ActiveCfg = Release|Any CPU
		{CCD63FFF-C034-4A10-9F74-8A73D9F33328}.Release|Any CPU.Build.0 = Release|Any CPU
		{8BEB6FC4-3F81-4763-8164-B5200CB9E33A}.Debug|Any CPU.ActiveCfg = Debug|Any CPU
		{8BEB6FC4-3F81-4763-8164-B5200CB9E33A}.Debug|Any CPU.Build.0 = Debug|Any CPU
		{8BEB6FC4-3F81-4763-8164-B5200CB9E33A}.Release|Any CPU.ActiveCfg = Release|Any CPU
		{8BEB6FC4-3F81-4763-8164-B5200CB9E33A}.Release|Any CPU.Build.0 = Release|Any CPU
		{78B04058-5DD3-4D46-8FF5-425008E17FC9}.Debug|Any CPU.ActiveCfg = Debug|Any CPU
		{78B04058-5DD3-4D46-8FF5-425008E17FC9}.Debug|Any CPU.Build.0 = Debug|Any CPU
		{78B04058-5DD3-4D46-8FF5-425008E17FC9}.Release|Any CPU.ActiveCfg = Release|Any CPU
		{78B04058-5DD3-4D46-8FF5-425008E17FC9}.Release|Any CPU.Build.0 = Release|Any CPU
		{AC461D9D-D644-4790-8C4E-BDA6643ADC64}.Debug|Any CPU.ActiveCfg = Debug|Any CPU
		{AC461D9D-D644-4790-8C4E-BDA6643ADC64}.Debug|Any CPU.Build.0 = Debug|Any CPU
		{AC461D9D-D644-4790-8C4E-BDA6643ADC64}.Release|Any CPU.ActiveCfg = Release|Any CPU
		{AC461D9D-D644-4790-8C4E-BDA6643ADC64}.Release|Any CPU.Build.0 = Release|Any CPU
		{11BCFD37-4777-47F8-B39D-2686B36E57AA}.Debug|Any CPU.ActiveCfg = Debug|Any CPU
		{11BCFD37-4777-47F8-B39D-2686B36E57AA}.Debug|Any CPU.Build.0 = Debug|Any CPU
		{11BCFD37-4777-47F8-B39D-2686B36E57AA}.Release|Any CPU.ActiveCfg = Release|Any CPU
		{11BCFD37-4777-47F8-B39D-2686B36E57AA}.Release|Any CPU.Build.0 = Release|Any CPU
		{1718747B-11AE-48BD-A2EE-420CAC92B53B}.Debug|Any CPU.ActiveCfg = Debug|Any CPU
		{1718747B-11AE-48BD-A2EE-420CAC92B53B}.Debug|Any CPU.Build.0 = Debug|Any CPU
		{1718747B-11AE-48BD-A2EE-420CAC92B53B}.Release|Any CPU.ActiveCfg = Release|Any CPU
		{1718747B-11AE-48BD-A2EE-420CAC92B53B}.Release|Any CPU.Build.0 = Release|Any CPU
		{48500914-2E2A-4033-A76E-610E8E8DA460}.Debug|Any CPU.ActiveCfg = Debug|Any CPU
		{48500914-2E2A-4033-A76E-610E8E8DA460}.Debug|Any CPU.Build.0 = Debug|Any CPU
		{48500914-2E2A-4033-A76E-610E8E8DA460}.Release|Any CPU.ActiveCfg = Release|Any CPU
		{48500914-2E2A-4033-A76E-610E8E8DA460}.Release|Any CPU.Build.0 = Release|Any CPU
		{1E413436-C5A0-43FA-9C9D-6181928CE080}.Debug|Any CPU.ActiveCfg = Debug|Any CPU
		{1E413436-C5A0-43FA-9C9D-6181928CE080}.Debug|Any CPU.Build.0 = Debug|Any CPU
		{1E413436-C5A0-43FA-9C9D-6181928CE080}.Release|Any CPU.ActiveCfg = Release|Any CPU
		{1E413436-C5A0-43FA-9C9D-6181928CE080}.Release|Any CPU.Build.0 = Release|Any CPU
	EndGlobalSection
	GlobalSection(SolutionProperties) = preSolution
		HideSolutionNode = FALSE
	EndGlobalSection
	GlobalSection(NestedProjects) = preSolution
		{C2219E38-304F-4820-8F20-092C7AB5011E} = {B06D07C4-F1CD-4DBC-B3A7-229EB45DF30F}
		{980EFC96-AFF1-4D7B-8600-5B799EEFDC85} = {B06D07C4-F1CD-4DBC-B3A7-229EB45DF30F}
		{CCD63FFF-C034-4A10-9F74-8A73D9F33328} = {B06D07C4-F1CD-4DBC-B3A7-229EB45DF30F}
		{8BEB6FC4-3F81-4763-8164-B5200CB9E33A} = {B06D07C4-F1CD-4DBC-B3A7-229EB45DF30F}
		{78B04058-5DD3-4D46-8FF5-425008E17FC9} = {B06D07C4-F1CD-4DBC-B3A7-229EB45DF30F}
		{AC461D9D-D644-4790-8C4E-BDA6643ADC64} = {B06D07C4-F1CD-4DBC-B3A7-229EB45DF30F}
		{11BCFD37-4777-47F8-B39D-2686B36E57AA} = {B06D07C4-F1CD-4DBC-B3A7-229EB45DF30F}
		{1718747B-11AE-48BD-A2EE-420CAC92B53B} = {B06D07C4-F1CD-4DBC-B3A7-229EB45DF30F}
		{48500914-2E2A-4033-A76E-610E8E8DA460} = {7A88ABAE-4344-4B33-8CCE-511266EADD16}
		{1E413436-C5A0-43FA-9C9D-6181928CE080} = {7A88ABAE-4344-4B33-8CCE-511266EADD16}
	EndGlobalSection
	GlobalSection(ExtensibilityGlobals) = postSolution
		SolutionGuid = {6E07345B-F31C-47C1-A7EC-66C9EF9208FE}
	EndGlobalSection
EndGlobal
