
Microsoft Visual Studio Solution File, Format Version 12.00
# Visual Studio Version 16
VisualStudioVersion = 16.0.29230.47
MinimumVisualStudioVersion = 10.0.40219.1
Project("{FAE04EC0-301F-11D3-BF4B-00C04F79EFBC}") = "Task3", "Task3.csproj", "{95652433-AC0C-4E78-BA06-B91185CF1485}"
EndProject
Global
	GlobalSection(SolutionConfigurationPlatforms) = preSolution
		Debug|Any CPU = Debug|Any CPU
		Release|Any CPU = Release|Any CPU
	EndGlobalSection
	GlobalSection(ProjectConfigurationPlatforms) = postSolution
		{95652433-AC0C-4E78-BA06-B91185CF1485}.Debug|Any CPU.ActiveCfg = Debug|Any CPU
		{95652433-AC0C-4E78-BA06-B91185CF1485}.Debug|Any CPU.Build.0 = Debug|Any CPU
		{95652433-AC0C-4E78-BA06-B91185CF1485}.Release|Any CPU.ActiveCfg = Release|Any CPU
		{95652433-AC0C-4E78-BA06-B91185CF1485}.Release|Any CPU.Build.0 = Release|Any CPU
	EndGlobalSection
	GlobalSection(SolutionProperties) = preSolution
		HideSolutionNode = FALSE
	EndGlobalSection
	GlobalSection(ExtensibilityGlobals) = postSolution
		SolutionGuid = {8816F613-1A08-482B-9ADB-771DC08D02DA}
	EndGlobalSection
EndGlobal
